
Microsoft Visual Studio Solution File, Format Version 12.00
# Visual Studio Version 17
VisualStudioVersion = 17.11.35118.90
MinimumVisualStudioVersion = 10.0.40219.1
Project("{9A19103F-16F7-4668-BE54-9A1E7A4F7556}") = "dwtDotNet", "dwtDotNet\dwtDotNet.csproj", "{405D929C-802D-4CC6-9D69-AA8EDB5F3E11}"
EndProject
Project("{9A19103F-16F7-4668-BE54-9A1E7A4F7556}") = "dwtDotNet.Share", "dwtDotNet.Share\dwtDotNet.Share.csproj", "{E7595B6F-CF2B-421F-B06D-CD4067FA2365}"
EndProject
Project("{FAE04EC0-301F-11D3-BF4B-00C04F79EFBC}") = "dwtDotNet.wpf", "dwtDotNet.wpf\dwtDotNet.wpf.csproj", "{2A9733F3-9E37-4C59-BF4A-B98ACB8543D1}"
EndProject
Global
	GlobalSection(SolutionConfigurationPlatforms) = preSolution
		Debug|Any CPU = Debug|Any CPU
		Release|Any CPU = Release|Any CPU
	EndGlobalSection
	GlobalSection(ProjectConfigurationPlatforms) = postSolution
		{405D929C-802D-4CC6-9D69-AA8EDB5F3E11}.Debug|Any CPU.ActiveCfg = Debug|Any CPU
		{405D929C-802D-4CC6-9D69-AA8EDB5F3E11}.Debug|Any CPU.Build.0 = Debug|Any CPU
		{405D929C-802D-4CC6-9D69-AA8EDB5F3E11}.Release|Any CPU.ActiveCfg = Release|Any CPU
		{405D929C-802D-4CC6-9D69-AA8EDB5F3E11}.Release|Any CPU.Build.0 = Release|Any CPU
		{E7595B6F-CF2B-421F-B06D-CD4067FA2365}.Debug|Any CPU.ActiveCfg = Debug|Any CPU
		{E7595B6F-CF2B-421F-B06D-CD4067FA2365}.Debug|Any CPU.Build.0 = Debug|Any CPU
		{E7595B6F-CF2B-421F-B06D-CD4067FA2365}.Release|Any CPU.ActiveCfg = Release|Any CPU
		{E7595B6F-CF2B-421F-B06D-CD4067FA2365}.Release|Any CPU.Build.0 = Release|Any CPU
		{2A9733F3-9E37-4C59-BF4A-B98ACB8543D1}.Debug|Any CPU.ActiveCfg = Debug|Any CPU
		{2A9733F3-9E37-4C59-BF4A-B98ACB8543D1}.Debug|Any CPU.Build.0 = Debug|Any CPU
		{2A9733F3-9E37-4C59-BF4A-B98ACB8543D1}.Release|Any CPU.ActiveCfg = Release|Any CPU
		{2A9733F3-9E37-4C59-BF4A-B98ACB8543D1}.Release|Any CPU.Build.0 = Release|Any CPU
	EndGlobalSection
	GlobalSection(SolutionProperties) = preSolution
		HideSolutionNode = FALSE
	EndGlobalSection
	GlobalSection(ExtensibilityGlobals) = postSolution
		SolutionGuid = {4627EC55-072C-479E-B0F0-B2AD5CE74E77}
	EndGlobalSection
EndGlobal
